{
  "lockfileVersion": 2,
  "configVersion": 1,
  "workspaces": {
    "": {
      "name": "edgeguard-edge",
      "devDependencies": {
        "@types/bun": "1.2.20",
        "typescript": "5.8.3",
      },
    },
  },
  "packages": {
    "@types/bun": ["@types/bun@1.2.20", "", { "dependencies": { "bun-types": "1.2.20" } }, "sha512-dX3RGzQ8+KgmMw7CsW4xT5ITBSCrSbfHc36SNT31EOUg/LA9JWq0VDdEXDRSe1InVWpd2yLUM1FUF/kEOyTzYA=="],

    "@types/node": ["@types/node@26.6.4", "", { "dependencies": { "undici-types": "~8.9.0" } }, "sha512-ldVPDCzj7fsaGZrLB0NuHuTvJcsNasysBAqMolr/cgxrLd1xbqxIr3XJiPnHHJUCxj5sNF1vnRj9aWnrVh5Jcg=="],

    "@types/react": ["@types/react@19.3.0", "", { "dependencies": { "csstype": "^3.2.2" } }, "sha512-N0rFCuH9YoxG9/m61l9MfpJKfmLOVU0em7ipIz6TRgSSkvReLB9vL85GB+yr8Bs5leqpvg96JSwF4ZS1s4viQg=="],

    "bun-types": ["bun-types@1.2.20", "", { "dependencies": { "@types/node": "*" }, "peerDependencies": { "@types/react": "^19" } }, "sha512-pxTnQYOrKvdOwyiyd/7sMt9yFOenN004Y6O4lCcCUoKVej48FS5cvTw9geRaEcB9TsDZaJKAxPTVvi8tFsVuXA=="],

    "csstype": ["csstype@3.2.3", "", {}, "sha512-z1HGKcYy2xA8AGQfwrn0PAy+PB7X/GSj3UVJW9qKyn43xWa+gl5nXmU4qqLMRzWVLFC8KusUX8T/0kCiOYpAIQ=="],

    "typescript": ["typescript@5.8.3", "", { "bin": { "tsc": "bin/tsc", "tsserver": "bin/tsserver" } }, "sha512-p1diW6TqL9L07nNxvRMM7hMMw4c5XOo/1ibL4aAIGmSAt9slTE1Xgw5KWuof2uTOvCg9BY7ZRi+GaF+7sfgPeQ=="],

    "undici-types": ["undici-types@8.9.0", "", {}, "sha512-KTDyRTYX8sWmKXAikPHHSyc63CRPETMctyjKFupcC6OBLXT3xsN0e9aF7m+mIXutFWpUXuedtowG7iLOzp0kQg=="],
  }
}
